
Microsoft Visual Studio Solution File, Format Version 12.00
# Visual Studio Version 16
VisualStudioVersion = 16.0.29509.3
MinimumVisualStudioVersion = 10.0.40219.1
Project("{9A19103F-16F7-4668-BE54-9A1E7A4F7556}") = "authenticationScheme", "authenticationScheme\authenticationScheme.csproj", "{41C253C9-908C-451F-BECC-0FF480A39AFF}"
EndProject
Project("{9A19103F-16F7-4668-BE54-9A1E7A4F7556}") = "Sender", "Sender\Sender.csproj", "{4352B693-E798-4630-9834-E3A32804308A}"
EndProject
Project("{9A19103F-16F7-4668-BE54-9A1E7A4F7556}") = "Receiver", "Receiver\Receiver.csproj", "{52BF3E38-CFD5-4ED7-A8FD-447F1114ECC6}"
EndProject
Project("{9A19103F-16F7-4668-BE54-9A1E7A4F7556}") = "Domain", "Domain\Domain.csproj", "{79AF591F-243E-4CA0-9558-CD8962737169}"
EndProject
Project("{FAE04EC0-301F-11D3-BF4B-00C04F79EFBC}") = "Repository", "Repository\Repository.csproj", "{E02E1AB9-C0E1-427F-8A88-B89EBCA35759}"
EndProject
Global
	GlobalSection(SolutionConfigurationPlatforms) = preSolution
		Debug|Any CPU = Debug|Any CPU
		Release|Any CPU = Release|Any CPU
	EndGlobalSection
	GlobalSection(ProjectConfigurationPlatforms) = postSolution
		{41C253C9-908C-451F-BECC-0FF480A39AFF}.Debug|Any CPU.ActiveCfg = Debug|Any CPU
		{41C253C9-908C-451F-BECC-0FF480A39AFF}.Debug|Any CPU.Build.0 = Debug|Any CPU
		{41C253C9-908C-451F-BECC-0FF480A39AFF}.Release|Any CPU.ActiveCfg = Release|Any CPU
		{41C253C9-908C-451F-BECC-0FF480A39AFF}.Release|Any CPU.Build.0 = Release|Any CPU
		{4352B693-E798-4630-9834-E3A32804308A}.Debug|Any CPU.ActiveCfg = Debug|Any CPU
		{4352B693-E798-4630-9834-E3A32804308A}.Debug|Any CPU.Build.0 = Debug|Any CPU
		{4352B693-E798-4630-9834-E3A32804308A}.Release|Any CPU.ActiveCfg = Release|Any CPU
		{4352B693-E798-4630-9834-E3A32804308A}.Release|Any CPU.Build.0 = Release|Any CPU
		{52BF3E38-CFD5-4ED7-A8FD-447F1114ECC6}.Debug|Any CPU.ActiveCfg = Debug|Any CPU
		{52BF3E38-CFD5-4ED7-A8FD-447F1114ECC6}.Debug|Any CPU.Build.0 = Debug|Any CPU
		{52BF3E38-CFD5-4ED7-A8FD-447F1114ECC6}.Release|Any CPU.ActiveCfg = Release|Any CPU
		{52BF3E38-CFD5-4ED7-A8FD-447F1114ECC6}.Release|Any CPU.Build.0 = Release|Any CPU
		{79AF591F-243E-4CA0-9558-CD8962737169}.Debug|Any CPU.ActiveCfg = Debug|Any CPU
		{79AF591F-243E-4CA0-9558-CD8962737169}.Debug|Any CPU.Build.0 = Debug|Any CPU
		{79AF591F-243E-4CA0-9558-CD8962737169}.Release|Any CPU.ActiveCfg = Release|Any CPU
		{79AF591F-243E-4CA0-9558-CD8962737169}.Release|Any CPU.Build.0 = Release|Any CPU
		{E02E1AB9-C0E1-427F-8A88-B89EBCA35759}.Debug|Any CPU.ActiveCfg = Debug|Any CPU
		{E02E1AB9-C0E1-427F-8A88-B89EBCA35759}.Debug|Any CPU.Build.0 = Debug|Any CPU
		{E02E1AB9-C0E1-427F-8A88-B89EBCA35759}.Release|Any CPU.ActiveCfg = Release|Any CPU
		{E02E1AB9-C0E1-427F-8A88-B89EBCA35759}.Release|Any CPU.Build.0 = Release|Any CPU
	EndGlobalSection
	GlobalSection(SolutionProperties) = preSolution
		HideSolutionNode = FALSE
	EndGlobalSection
	GlobalSection(ExtensibilityGlobals) = postSolution
		SolutionGuid = {13BC3ABF-B005-4756-896D-288E8B9CFFEE}
	EndGlobalSection
EndGlobal
